
Microsoft Visual Studio Solution File, Format Version 12.00
# Visual Studio 2012
Project("{FAE04EC0-301F-11D3-BF4B-00C04F79EFBC}") = "Calculator.Droid", "Calculator.Droid\Calculator.Droid.csproj", "{79CFFEBB-8283-4960-9C88-1059DFF5A31B}"
EndProject
Project("{FAE04EC0-301F-11D3-BF4B-00C04F79EFBC}") = "Calculator.Core", "Calculator.Core\Calculator.Core.csproj", "{820A3CA5-A1C2-4D1B-BB34-C0C1A05E5448}"
EndProject
Project("{FAE04EC0-301F-11D3-BF4B-00C04F79EFBC}") = "Calculator.iOS", "Calculator.iOS\Calculator.iOS.csproj", "{64947C5B-6FEB-4727-967D-A79C2D1FDC26}"
EndProject
Project("{FAE04EC0-301F-11D3-BF4B-00C04F79EFBC}") = "Calculator.UITests", "Calculator.UITests\Calculator.UITests.csproj", "{3CBC476A-5D5D-48E1-9DAF-C3B50C39BBCA}"
EndProject
Project("{FAE04EC0-301F-11D3-BF4B-00C04F79EFBC}") = "Calculator.Core.Tests", "Calculator.Core.Tests\Calculator.Core.Tests.csproj", "{ED5FB905-2FFA-49FD-B89E-273428BDDC40}"
EndProject
Global
	GlobalSection(SolutionConfigurationPlatforms) = preSolution
		Debug|Any CPU = Debug|Any CPU
		Release|Any CPU = Release|Any CPU
		Debug|iPhoneSimulator = Debug|iPhoneSimulator
		Release|iPhone = Release|iPhone
		Release|iPhoneSimulator = Release|iPhoneSimulator
		Debug|iPhone = Debug|iPhone
	EndGlobalSection
	GlobalSection(ProjectConfigurationPlatforms) = postSolution
		{3CBC476A-5D5D-48E1-9DAF-C3B50C39BBCA}.Debug|Any CPU.ActiveCfg = Debug|Any CPU
		{3CBC476A-5D5D-48E1-9DAF-C3B50C39BBCA}.Debug|Any CPU.Build.0 = Debug|Any CPU
		{3CBC476A-5D5D-48E1-9DAF-C3B50C39BBCA}.Debug|iPhone.ActiveCfg = Debug|Any CPU
		{3CBC476A-5D5D-48E1-9DAF-C3B50C39BBCA}.Debug|iPhone.Build.0 = Debug|Any CPU
		{3CBC476A-5D5D-48E1-9DAF-C3B50C39BBCA}.Debug|iPhoneSimulator.ActiveCfg = Debug|Any CPU
		{3CBC476A-5D5D-48E1-9DAF-C3B50C39BBCA}.Debug|iPhoneSimulator.Build.0 = Debug|Any CPU
		{3CBC476A-5D5D-48E1-9DAF-C3B50C39BBCA}.Release|Any CPU.ActiveCfg = Release|Any CPU
		{3CBC476A-5D5D-48E1-9DAF-C3B50C39BBCA}.Release|Any CPU.Build.0 = Release|Any CPU
		{3CBC476A-5D5D-48E1-9DAF-C3B50C39BBCA}.Release|iPhone.ActiveCfg = Release|Any CPU
		{3CBC476A-5D5D-48E1-9DAF-C3B50C39BBCA}.Release|iPhone.Build.0 = Release|Any CPU
		{3CBC476A-5D5D-48E1-9DAF-C3B50C39BBCA}.Release|iPhoneSimulator.ActiveCfg = Release|Any CPU
		{3CBC476A-5D5D-48E1-9DAF-C3B50C39BBCA}.Release|iPhoneSimulator.Build.0 = Release|Any CPU
		{64947C5B-6FEB-4727-967D-A79C2D1FDC26}.Debug|Any CPU.ActiveCfg = Debug|iPhoneSimulator
		{64947C5B-6FEB-4727-967D-A79C2D1FDC26}.Debug|Any CPU.Build.0 = Debug|iPhoneSimulator
		{64947C5B-6FEB-4727-967D-A79C2D1FDC26}.Debug|iPhone.ActiveCfg = Debug|iPhone
		{64947C5B-6FEB-4727-967D-A79C2D1FDC26}.Debug|iPhone.Build.0 = Debug|iPhone
		{64947C5B-6FEB-4727-967D-A79C2D1FDC26}.Debug|iPhoneSimulator.ActiveCfg = Debug|iPhoneSimulator
		{64947C5B-6FEB-4727-967D-A79C2D1FDC26}.Debug|iPhoneSimulator.Build.0 = Debug|iPhoneSimulator
		{64947C5B-6FEB-4727-967D-A79C2D1FDC26}.Release|Any CPU.ActiveCfg = Release|iPhone
		{64947C5B-6FEB-4727-967D-A79C2D1FDC26}.Release|Any CPU.Build.0 = Release|iPhone
		{64947C5B-6FEB-4727-967D-A79C2D1FDC26}.Release|iPhone.ActiveCfg = Release|iPhone
		{64947C5B-6FEB-4727-967D-A79C2D1FDC26}.Release|iPhone.Build.0 = Release|iPhone
		{64947C5B-6FEB-4727-967D-A79C2D1FDC26}.Release|iPhoneSimulator.ActiveCfg = Release|iPhoneSimulator
		{64947C5B-6FEB-4727-967D-A79C2D1FDC26}.Release|iPhoneSimulator.Build.0 = Release|iPhoneSimulator
		{79CFFEBB-8283-4960-9C88-1059DFF5A31B}.Debug|Any CPU.ActiveCfg = Debug|Any CPU
		{79CFFEBB-8283-4960-9C88-1059DFF5A31B}.Debug|Any CPU.Build.0 = Debug|Any CPU
		{79CFFEBB-8283-4960-9C88-1059DFF5A31B}.Debug|iPhone.ActiveCfg = Debug|Any CPU
		{79CFFEBB-8283-4960-9C88-1059DFF5A31B}.Debug|iPhone.Build.0 = Debug|Any CPU
		{79CFFEBB-8283-4960-9C88-1059DFF5A31B}.Debug|iPhoneSimulator.ActiveCfg = Debug|Any CPU
		{79CFFEBB-8283-4960-9C88-1059DFF5A31B}.Debug|iPhoneSimulator.Build.0 = Debug|Any CPU
		{79CFFEBB-8283-4960-9C88-1059DFF5A31B}.Release|Any CPU.ActiveCfg = Release|Any CPU
		{79CFFEBB-8283-4960-9C88-1059DFF5A31B}.Release|Any CPU.Build.0 = Release|Any CPU
		{79CFFEBB-8283-4960-9C88-1059DFF5A31B}.Release|iPhone.ActiveCfg = Release|Any CPU
		{79CFFEBB-8283-4960-9C88-1059DFF5A31B}.Release|iPhone.Build.0 = Release|Any CPU
		{79CFFEBB-8283-4960-9C88-1059DFF5A31B}.Release|iPhoneSimulator.ActiveCfg = Release|Any CPU
		{79CFFEBB-8283-4960-9C88-1059DFF5A31B}.Release|iPhoneSimulator.Build.0 = Release|Any CPU
		{820A3CA5-A1C2-4D1B-BB34-C0C1A05E5448}.Debug|Any CPU.ActiveCfg = Debug|Any CPU
		{820A3CA5-A1C2-4D1B-BB34-C0C1A05E5448}.Debug|Any CPU.Build.0 = Debug|Any CPU
		{820A3CA5-A1C2-4D1B-BB34-C0C1A05E5448}.Debug|iPhone.ActiveCfg = Debug|Any CPU
		{820A3CA5-A1C2-4D1B-BB34-C0C1A05E5448}.Debug|iPhone.Build.0 = Debug|Any CPU
		{820A3CA5-A1C2-4D1B-BB34-C0C1A05E5448}.Debug|iPhoneSimulator.ActiveCfg = Debug|Any CPU
		{820A3CA5-A1C2-4D1B-BB34-C0C1A05E5448}.Debug|iPhoneSimulator.Build.0 = Debug|Any CPU
		{820A3CA5-A1C2-4D1B-BB34-C0C1A05E5448}.Release|Any CPU.ActiveCfg = Release|Any CPU
		{820A3CA5-A1C2-4D1B-BB34-C0C1A05E5448}.Release|Any CPU.Build.0 = Release|Any CPU
		{820A3CA5-A1C2-4D1B-BB34-C0C1A05E5448}.Release|iPhone.ActiveCfg = Release|Any CPU
		{820A3CA5-A1C2-4D1B-BB34-C0C1A05E5448}.Release|iPhone.Build.0 = Release|Any CPU
		{820A3CA5-A1C2-4D1B-BB34-C0C1A05E5448}.Release|iPhoneSimulator.ActiveCfg = Release|Any CPU
		{820A3CA5-A1C2-4D1B-BB34-C0C1A05E5448}.Release|iPhoneSimulator.Build.0 = Release|Any CPU
		{ED5FB905-2FFA-49FD-B89E-273428BDDC40}.Debug|Any CPU.ActiveCfg = Debug|Any CPU
		{ED5FB905-2FFA-49FD-B89E-273428BDDC40}.Debug|Any CPU.Build.0 = Debug|Any CPU
		{ED5FB905-2FFA-49FD-B89E-273428BDDC40}.Debug|iPhone.ActiveCfg = Debug|Any CPU
		{ED5FB905-2FFA-49FD-B89E-273428BDDC40}.Debug|iPhone.Build.0 = Debug|Any CPU
		{ED5FB905-2FFA-49FD-B89E-273428BDDC40}.Debug|iPhoneSimulator.ActiveCfg = Debug|Any CPU
		{ED5FB905-2FFA-49FD-B89E-273428BDDC40}.Debug|iPhoneSimulator.Build.0 = Debug|Any CPU
		{ED5FB905-2FFA-49FD-B89E-273428BDDC40}.Release|Any CPU.ActiveCfg = Release|Any CPU
		{ED5FB905-2FFA-49FD-B89E-273428BDDC40}.Release|Any CPU.Build.0 = Release|Any CPU
		{ED5FB905-2FFA-49FD-B89E-273428BDDC40}.Release|iPhone.ActiveCfg = Release|Any CPU
		{ED5FB905-2FFA-49FD-B89E-273428BDDC40}.Release|iPhone.Build.0 = Release|Any CPU
		{ED5FB905-2FFA-49FD-B89E-273428BDDC40}.Release|iPhoneSimulator.ActiveCfg = Release|Any CPU
		{ED5FB905-2FFA-49FD-B89E-273428BDDC40}.Release|iPhoneSimulator.Build.0 = Release|Any CPU
	EndGlobalSection
EndGlobal
